
Microsoft Visual Studio Solution File, Format Version 12.00
# Visual Studio Version 17
VisualStudioVersion = 17.2.32630.192
MinimumVisualStudioVersion = 10.0.40219.1
Project("{9A19103F-16F7-4668-BE54-9A1E7A4F7556}") = "R5T.F0105.Construction", "R5T.F0105.Construction\R5T.F0105.Construction.csproj", "{9B056411-4520-4F67-B475-AD51C7FF838F}"
EndProject
Project("{9A19103F-16F7-4668-BE54-9A1E7A4F7556}") = "R5T.F0105", "R5T.F0105\R5T.F0105.csproj", "{64AB11A3-C01D-4FA1-B18F-67EDC4B1B035}"
EndProject
Project("{2150E333-8FDC-42A3-9474-1A3956D46DE8}") = "_Dependencies", "_Dependencies", "{0C30EA7E-AB27-40D9-907A-7F00E2C62A0B}"
EndProject
Project("{9A19103F-16F7-4668-BE54-9A1E7A4F7556}") = "R5T.T0140", "..\..\R5T.T0140\source\R5T.T0140\R5T.T0140.csproj", "{25D260AF-DF7C-42AF-9E1C-3C7FB8990511}"
EndProject
Project("{9A19103F-16F7-4668-BE54-9A1E7A4F7556}") = "R5T.T0142", "..\..\R5T.T0142\source\R5T.T0142\R5T.T0142.csproj", "{16C96644-B377-476A-8895-FE1BB87E10A0}"
EndProject
Project("{9A19103F-16F7-4668-BE54-9A1E7A4F7556}") = "R5T.T0143", "..\..\R5T.T0143\source\R5T.T0143\R5T.T0143.csproj", "{EF5F5C91-71C6-4EAE-9D4D-3EB6CF2C86EB}"
EndProject
Project("{9A19103F-16F7-4668-BE54-9A1E7A4F7556}") = "R5T.T0132", "..\..\R5T.T0132\source\R5T.T0132\R5T.T0132.csproj", "{B180F5B4-0138-4143-8419-C0C5A80641A7}"
EndProject
Project("{9A19103F-16F7-4668-BE54-9A1E7A4F7556}") = "R5T.F0000", "..\..\R5T.F0000\source\R5T.F0000\R5T.F0000.csproj", "{BEE9F0EB-0C63-4D0F-A1B8-3A15EAE46284}"
EndProject
Project("{9A19103F-16F7-4668-BE54-9A1E7A4F7556}") = "R5T.F0002", "..\..\R5T.F0002\source\R5T.F0002\R5T.F0002.csproj", "{4203C344-9169-4337-82E9-FE958902E3DF}"
EndProject
Project("{9A19103F-16F7-4668-BE54-9A1E7A4F7556}") = "R5T.F0018", "..\..\R5T.F0018\source\R5T.F0018\R5T.F0018.csproj", "{20C405B9-ED3C-4CC5-BC1C-355CBDE9794A}"
EndProject
Project("{9A19103F-16F7-4668-BE54-9A1E7A4F7556}") = "R5T.F0018.F001", "..\..\R5T.F0018\source\R5T.F0018.F001\R5T.F0018.F001.csproj", "{66D44716-0EDF-4017-BC1E-A0D7F1E08D3E}"
EndProject
Project("{9A19103F-16F7-4668-BE54-9A1E7A4F7556}") = "R5T.NG0010", "..\..\R5T.NG0010\source\R5T.NG0010\R5T.NG0010.csproj", "{8B332B0F-42B7-4A3B-944F-B0A1E0A074F6}"
EndProject
Project("{9A19103F-16F7-4668-BE54-9A1E7A4F7556}") = "R5T.T0131", "..\..\R5T.T0131\source\R5T.T0131\R5T.T0131.csproj", "{7C794C93-4138-4B1A-8DB7-3CF56FB58BFA}"
EndProject
Project("{9A19103F-16F7-4668-BE54-9A1E7A4F7556}") = "R5T.T0150", "..\..\R5T.T0150\source\R5T.T0150\R5T.T0150.csproj", "{6B48F434-7C25-4EB6-9DC4-C8EA45FFF9FB}"
EndProject
Project("{9A19103F-16F7-4668-BE54-9A1E7A4F7556}") = "R5T.T0151", "..\..\R5T.T0151\source\R5T.T0151\R5T.T0151.csproj", "{D90E8EA8-512E-4088-812D-86987386F4C0}"
EndProject
Project("{9A19103F-16F7-4668-BE54-9A1E7A4F7556}") = "R5T.T0156", "..\..\R5T.T0156\source\R5T.T0156\R5T.T0156.csproj", "{00A4B028-E8DC-40DA-BB5F-7749C15A3F70}"
EndProject
Project("{9A19103F-16F7-4668-BE54-9A1E7A4F7556}") = "R5T.T0161", "..\..\R5T.T0161\source\R5T.T0161\R5T.T0161.csproj", "{5B4B5A53-821B-438A-825C-439DA940646C}"
EndProject
Project("{9A19103F-16F7-4668-BE54-9A1E7A4F7556}") = "R5T.Y0000", "..\..\R5T.Y0000\source\R5T.Y0000\R5T.Y0000.csproj", "{4A604D03-3264-4F51-8BB9-22471F100701}"
EndProject
Project("{9A19103F-16F7-4668-BE54-9A1E7A4F7556}") = "R5T.Z0000", "..\..\R5T.Z0000\source\R5T.Z0000\R5T.Z0000.csproj", "{59A90F7A-9126-49CE-8EE8-984FB4042035}"
EndProject
Global
	GlobalSection(NestedProjects) = preSolution
		{25D260AF-DF7C-42AF-9E1C-3C7FB8990511} = {0C30EA7E-AB27-40D9-907A-7F00E2C62A0B}
		{16C96644-B377-476A-8895-FE1BB87E10A0} = {0C30EA7E-AB27-40D9-907A-7F00E2C62A0B}
		{EF5F5C91-71C6-4EAE-9D4D-3EB6CF2C86EB} = {0C30EA7E-AB27-40D9-907A-7F00E2C62A0B}
		{B180F5B4-0138-4143-8419-C0C5A80641A7} = {0C30EA7E-AB27-40D9-907A-7F00E2C62A0B}
		{BEE9F0EB-0C63-4D0F-A1B8-3A15EAE46284} = {0C30EA7E-AB27-40D9-907A-7F00E2C62A0B}
		{4203C344-9169-4337-82E9-FE958902E3DF} = {0C30EA7E-AB27-40D9-907A-7F00E2C62A0B}
		{20C405B9-ED3C-4CC5-BC1C-355CBDE9794A} = {0C30EA7E-AB27-40D9-907A-7F00E2C62A0B}
		{66D44716-0EDF-4017-BC1E-A0D7F1E08D3E} = {0C30EA7E-AB27-40D9-907A-7F00E2C62A0B}
		{8B332B0F-42B7-4A3B-944F-B0A1E0A074F6} = {0C30EA7E-AB27-40D9-907A-7F00E2C62A0B}
		{7C794C93-4138-4B1A-8DB7-3CF56FB58BFA} = {0C30EA7E-AB27-40D9-907A-7F00E2C62A0B}
		{6B48F434-7C25-4EB6-9DC4-C8EA45FFF9FB} = {0C30EA7E-AB27-40D9-907A-7F00E2C62A0B}
		{D90E8EA8-512E-4088-812D-86987386F4C0} = {0C30EA7E-AB27-40D9-907A-7F00E2C62A0B}
		{00A4B028-E8DC-40DA-BB5F-7749C15A3F70} = {0C30EA7E-AB27-40D9-907A-7F00E2C62A0B}
		{5B4B5A53-821B-438A-825C-439DA940646C} = {0C30EA7E-AB27-40D9-907A-7F00E2C62A0B}
		{4A604D03-3264-4F51-8BB9-22471F100701} = {0C30EA7E-AB27-40D9-907A-7F00E2C62A0B}
		{59A90F7A-9126-49CE-8EE8-984FB4042035} = {0C30EA7E-AB27-40D9-907A-7F00E2C62A0B}
	EndGlobalSection
	GlobalSection(SolutionConfigurationPlatforms) = preSolution
		Debug|Any CPU = Debug|Any CPU
		Release|Any CPU = Release|Any CPU
	EndGlobalSection
	GlobalSection(ProjectConfigurationPlatforms) = postSolution
		{9B056411-4520-4F67-B475-AD51C7FF838F}.Debug|Any CPU.ActiveCfg = Debug|Any CPU
		{9B056411-4520-4F67-B475-AD51C7FF838F}.Debug|Any CPU.Build.0 = Debug|Any CPU
		{9B056411-4520-4F67-B475-AD51C7FF838F}.Release|Any CPU.ActiveCfg = Release|Any CPU
		{9B056411-4520-4F67-B475-AD51C7FF838F}.Release|Any CPU.Build.0 = Release|Any CPU
		{64AB11A3-C01D-4FA1-B18F-67EDC4B1B035}.Debug|Any CPU.ActiveCfg = Debug|Any CPU
		{64AB11A3-C01D-4FA1-B18F-67EDC4B1B035}.Debug|Any CPU.Build.0 = Debug|Any CPU
		{64AB11A3-C01D-4FA1-B18F-67EDC4B1B035}.Release|Any CPU.ActiveCfg = Release|Any CPU
		{64AB11A3-C01D-4FA1-B18F-67EDC4B1B035}.Release|Any CPU.Build.0 = Release|Any CPU
		{25D260AF-DF7C-42AF-9E1C-3C7FB8990511}.Debug|Any CPU.ActiveCfg = Debug|Any CPU
		{25D260AF-DF7C-42AF-9E1C-3C7FB8990511}.Debug|Any CPU.Build.0 = Debug|Any CPU
		{25D260AF-DF7C-42AF-9E1C-3C7FB8990511}.Release|Any CPU.ActiveCfg = Release|Any CPU
		{25D260AF-DF7C-42AF-9E1C-3C7FB8990511}.Release|Any CPU.Build.0 = Release|Any CPU
		{16C96644-B377-476A-8895-FE1BB87E10A0}.Debug|Any CPU.ActiveCfg = Debug|Any CPU
		{16C96644-B377-476A-8895-FE1BB87E10A0}.Debug|Any CPU.Build.0 = Debug|Any CPU
		{16C96644-B377-476A-8895-FE1BB87E10A0}.Release|Any CPU.ActiveCfg = Release|Any CPU
		{16C96644-B377-476A-8895-FE1BB87E10A0}.Release|Any CPU.Build.0 = Release|Any CPU
		{EF5F5C91-71C6-4EAE-9D4D-3EB6CF2C86EB}.Debug|Any CPU.ActiveCfg = Debug|Any CPU
		{EF5F5C91-71C6-4EAE-9D4D-3EB6CF2C86EB}.Debug|Any CPU.Build.0 = Debug|Any CPU
		{EF5F5C91-71C6-4EAE-9D4D-3EB6CF2C86EB}.Release|Any CPU.ActiveCfg = Release|Any CPU
		{EF5F5C91-71C6-4EAE-9D4D-3EB6CF2C86EB}.Release|Any CPU.Build.0 = Release|Any CPU
		{B180F5B4-0138-4143-8419-C0C5A80641A7}.Debug|Any CPU.ActiveCfg = Debug|Any CPU
		{B180F5B4-0138-4143-8419-C0C5A80641A7}.Debug|Any CPU.Build.0 = Debug|Any CPU
		{B180F5B4-0138-4143-8419-C0C5A80641A7}.Release|Any CPU.ActiveCfg = Release|Any CPU
		{B180F5B4-0138-4143-8419-C0C5A80641A7}.Release|Any CPU.Build.0 = Release|Any CPU
		{BEE9F0EB-0C63-4D0F-A1B8-3A15EAE46284}.Debug|Any CPU.ActiveCfg = Debug|Any CPU
		{BEE9F0EB-0C63-4D0F-A1B8-3A15EAE46284}.Debug|Any CPU.Build.0 = Debug|Any CPU
		{BEE9F0EB-0C63-4D0F-A1B8-3A15EAE46284}.Release|Any CPU.ActiveCfg = Release|Any CPU
		{BEE9F0EB-0C63-4D0F-A1B8-3A15EAE46284}.Release|Any CPU.Build.0 = Release|Any CPU
		{4203C344-9169-4337-82E9-FE958902E3DF}.Debug|Any CPU.ActiveCfg = Debug|Any CPU
		{4203C344-9169-4337-82E9-FE958902E3DF}.Debug|Any CPU.Build.0 = Debug|Any CPU
		{4203C344-9169-4337-82E9-FE958902E3DF}.Release|Any CPU.ActiveCfg = Release|Any CPU
		{4203C344-9169-4337-82E9-FE958902E3DF}.Release|Any CPU.Build.0 = Release|Any CPU
		{20C405B9-ED3C-4CC5-BC1C-355CBDE9794A}.Debug|Any CPU.ActiveCfg = Debug|Any CPU
		{20C405B9-ED3C-4CC5-BC1C-355CBDE9794A}.Debug|Any CPU.Build.0 = Debug|Any CPU
		{20C405B9-ED3C-4CC5-BC1C-355CBDE9794A}.Release|Any CPU.ActiveCfg = Release|Any CPU
		{20C405B9-ED3C-4CC5-BC1C-355CBDE9794A}.Release|Any CPU.Build.0 = Release|Any CPU
		{66D44716-0EDF-4017-BC1E-A0D7F1E08D3E}.Debug|Any CPU.ActiveCfg = Debug|Any CPU
		{66D44716-0EDF-4017-BC1E-A0D7F1E08D3E}.Debug|Any CPU.Build.0 = Debug|Any CPU
		{66D44716-0EDF-4017-BC1E-A0D7F1E08D3E}.Release|Any CPU.ActiveCfg = Release|Any CPU
		{66D44716-0EDF-4017-BC1E-A0D7F1E08D3E}.Release|Any CPU.Build.0 = Release|Any CPU
		{8B332B0F-42B7-4A3B-944F-B0A1E0A074F6}.Debug|Any CPU.ActiveCfg = Debug|Any CPU
		{8B332B0F-42B7-4A3B-944F-B0A1E0A074F6}.Debug|Any CPU.Build.0 = Debug|Any CPU
		{8B332B0F-42B7-4A3B-944F-B0A1E0A074F6}.Release|Any CPU.ActiveCfg = Release|Any CPU
		{8B332B0F-42B7-4A3B-944F-B0A1E0A074F6}.Release|Any CPU.Build.0 = Release|Any CPU
		{7C794C93-4138-4B1A-8DB7-3CF56FB58BFA}.Debug|Any CPU.ActiveCfg = Debug|Any CPU
		{7C794C93-4138-4B1A-8DB7-3CF56FB58BFA}.Debug|Any CPU.Build.0 = Debug|Any CPU
		{7C794C93-4138-4B1A-8DB7-3CF56FB58BFA}.Release|Any CPU.ActiveCfg = Release|Any CPU
		{7C794C93-4138-4B1A-8DB7-3CF56FB58BFA}.Release|Any CPU.Build.0 = Release|Any CPU
		{6B48F434-7C25-4EB6-9DC4-C8EA45FFF9FB}.Debug|Any CPU.ActiveCfg = Debug|Any CPU
		{6B48F434-7C25-4EB6-9DC4-C8EA45FFF9FB}.Debug|Any CPU.Build.0 = Debug|Any CPU
		{6B48F434-7C25-4EB6-9DC4-C8EA45FFF9FB}.Release|Any CPU.ActiveCfg = Release|Any CPU
		{6B48F434-7C25-4EB6-9DC4-C8EA45FFF9FB}.Release|Any CPU.Build.0 = Release|Any CPU
		{D90E8EA8-512E-4088-812D-86987386F4C0}.Debug|Any CPU.ActiveCfg = Debug|Any CPU
		{D90E8EA8-512E-4088-812D-86987386F4C0}.Debug|Any CPU.Build.0 = Debug|Any CPU
		{D90E8EA8-512E-4088-812D-86987386F4C0}.Release|Any CPU.ActiveCfg = Release|Any CPU
		{D90E8EA8-512E-4088-812D-86987386F4C0}.Release|Any CPU.Build.0 = Release|Any CPU
		{00A4B028-E8DC-40DA-BB5F-7749C15A3F70}.Debug|Any CPU.ActiveCfg = Debug|Any CPU
		{00A4B028-E8DC-40DA-BB5F-7749C15A3F70}.Debug|Any CPU.Build.0 = Debug|Any CPU
		{00A4B028-E8DC-40DA-BB5F-7749C15A3F70}.Release|Any CPU.ActiveCfg = Release|Any CPU
		{00A4B028-E8DC-40DA-BB5F-7749C15A3F70}.Release|Any CPU.Build.0 = Release|Any CPU
		{5B4B5A53-821B-438A-825C-439DA940646C}.Debug|Any CPU.ActiveCfg = Debug|Any CPU
		{5B4B5A53-821B-438A-825C-439DA940646C}.Debug|Any CPU.Build.0 = Debug|Any CPU
		{5B4B5A53-821B-438A-825C-439DA940646C}.Release|Any CPU.ActiveCfg = Release|Any CPU
		{5B4B5A53-821B-438A-825C-439DA940646C}.Release|Any CPU.Build.0 = Release|Any CPU
		{4A604D03-3264-4F51-8BB9-22471F100701}.Debug|Any CPU.ActiveCfg = Debug|Any CPU
		{4A604D03-3264-4F51-8BB9-22471F100701}.Debug|Any CPU.Build.0 = Debug|Any CPU
		{4A604D03-3264-4F51-8BB9-22471F100701}.Release|Any CPU.ActiveCfg = Release|Any CPU
		{4A604D03-3264-4F51-8BB9-22471F100701}.Release|Any CPU.Build.0 = Release|Any CPU
		{59A90F7A-9126-49CE-8EE8-984FB4042035}.Debug|Any CPU.ActiveCfg = Debug|Any CPU
		{59A90F7A-9126-49CE-8EE8-984FB4042035}.Debug|Any CPU.Build.0 = Debug|Any CPU
		{59A90F7A-9126-49CE-8EE8-984FB4042035}.Release|Any CPU.ActiveCfg = Release|Any CPU
		{59A90F7A-9126-49CE-8EE8-984FB4042035}.Release|Any CPU.Build.0 = Release|Any CPU
	EndGlobalSection
	GlobalSection(SolutionProperties) = preSolution
		HideSolutionNode = FALSE
	EndGlobalSection
	GlobalSection(ExtensibilityGlobals) = postSolution
		SolutionGuid = {CB7FA443-4D44-42D4-9C92-263FBDB1000C}
	EndGlobalSection
EndGlobal
