
Microsoft Visual Studio Solution File, Format Version 12.00
# Visual Studio Version 17
VisualStudioVersion = 17.2.32630.192
MinimumVisualStudioVersion = 10.0.40219.1
Project("{9A19103F-16F7-4668-BE54-9A1E7A4F7556}") = "R5T.F0105", "R5T.F0105\R5T.F0105.csproj", "{5E0D74AE-78F5-4084-90F1-B6BA09150D8D}"
EndProject
Project("{2150E333-8FDC-42A3-9474-1A3956D46DE8}") = "_Dependencies", "_Dependencies", "{6562789B-10FE-4624-AA40-B9C128B6E06D}"
EndProject
Project("{9A19103F-16F7-4668-BE54-9A1E7A4F7556}") = "R5T.F0000", "..\..\R5T.F0000\source\R5T.F0000\R5T.F0000.csproj", "{363EBA30-7A3C-45A8-9EE6-30BC9230F4B5}"
EndProject
Project("{9A19103F-16F7-4668-BE54-9A1E7A4F7556}") = "R5T.F0002", "..\..\R5T.F0002\source\R5T.F0002\R5T.F0002.csproj", "{37BD13B1-419C-478F-9CCA-EB6F8AE86185}"
EndProject
Project("{9A19103F-16F7-4668-BE54-9A1E7A4F7556}") = "R5T.F0018.F001", "..\..\R5T.F0018\source\R5T.F0018.F001\R5T.F0018.F001.csproj", "{1E93C74C-867E-4F10-8EDB-6816CACA35A0}"
EndProject
Project("{9A19103F-16F7-4668-BE54-9A1E7A4F7556}") = "R5T.F0018", "..\..\R5T.F0018\source\R5T.F0018\R5T.F0018.csproj", "{7BA280B9-229A-4CD2-B063-401B82D59C0E}"
EndProject
Project("{9A19103F-16F7-4668-BE54-9A1E7A4F7556}") = "R5T.NG0010", "..\..\R5T.NG0010\source\R5T.NG0010\R5T.NG0010.csproj", "{CD0052C8-2E0A-4C74-AF99-6E590395705F}"
EndProject
Project("{9A19103F-16F7-4668-BE54-9A1E7A4F7556}") = "R5T.T0131", "..\..\R5T.T0131\source\R5T.T0131\R5T.T0131.csproj", "{6BA0ACB0-7F0D-42DD-8562-4A80EC2AB173}"
EndProject
Project("{9A19103F-16F7-4668-BE54-9A1E7A4F7556}") = "R5T.T0132", "..\..\R5T.T0132\source\R5T.T0132\R5T.T0132.csproj", "{F0095D7F-7C65-4035-83AB-2386544B1C1C}"
EndProject
Project("{9A19103F-16F7-4668-BE54-9A1E7A4F7556}") = "R5T.T0140", "..\..\R5T.T0140\source\R5T.T0140\R5T.T0140.csproj", "{47C3F6BB-762E-4176-8D23-8AFB71A94005}"
EndProject
Project("{9A19103F-16F7-4668-BE54-9A1E7A4F7556}") = "R5T.T0142", "..\..\R5T.T0142\source\R5T.T0142\R5T.T0142.csproj", "{484BB494-3FB2-4247-BE80-0C2EB0AF27E0}"
EndProject
Project("{9A19103F-16F7-4668-BE54-9A1E7A4F7556}") = "R5T.T0143", "..\..\R5T.T0143\source\R5T.T0143\R5T.T0143.csproj", "{E7268FC1-2CD1-4ACA-A2B8-394AEC5A68E1}"
EndProject
Project("{9A19103F-16F7-4668-BE54-9A1E7A4F7556}") = "R5T.T0150", "..\..\R5T.T0150\source\R5T.T0150\R5T.T0150.csproj", "{362EC2B8-73F5-4C5C-8A14-8C49368B6135}"
EndProject
Project("{9A19103F-16F7-4668-BE54-9A1E7A4F7556}") = "R5T.T0151", "..\..\R5T.T0151\source\R5T.T0151\R5T.T0151.csproj", "{966C5FD5-A509-482C-9977-C22FA970727D}"
EndProject
Project("{9A19103F-16F7-4668-BE54-9A1E7A4F7556}") = "R5T.T0156", "..\..\R5T.T0156\source\R5T.T0156\R5T.T0156.csproj", "{0A99A24A-A127-4252-AFD1-DF1A51594D5F}"
EndProject
Project("{9A19103F-16F7-4668-BE54-9A1E7A4F7556}") = "R5T.T0161", "..\..\R5T.T0161\source\R5T.T0161\R5T.T0161.csproj", "{BEB39CEE-48BB-444D-A721-A93477EC8675}"
EndProject
Project("{9A19103F-16F7-4668-BE54-9A1E7A4F7556}") = "R5T.Y0000", "..\..\R5T.Y0000\source\R5T.Y0000\R5T.Y0000.csproj", "{8DC3B991-6020-47A1-B17C-637528646CAD}"
EndProject
Project("{9A19103F-16F7-4668-BE54-9A1E7A4F7556}") = "R5T.Z0000", "..\..\R5T.Z0000\source\R5T.Z0000\R5T.Z0000.csproj", "{BB3A560C-F093-4F4C-9B0E-E86ACF1B00A8}"
EndProject
Global
	GlobalSection(NestedProjects) = preSolution
		{363EBA30-7A3C-45A8-9EE6-30BC9230F4B5} = {6562789B-10FE-4624-AA40-B9C128B6E06D}
		{37BD13B1-419C-478F-9CCA-EB6F8AE86185} = {6562789B-10FE-4624-AA40-B9C128B6E06D}
		{1E93C74C-867E-4F10-8EDB-6816CACA35A0} = {6562789B-10FE-4624-AA40-B9C128B6E06D}
		{7BA280B9-229A-4CD2-B063-401B82D59C0E} = {6562789B-10FE-4624-AA40-B9C128B6E06D}
		{CD0052C8-2E0A-4C74-AF99-6E590395705F} = {6562789B-10FE-4624-AA40-B9C128B6E06D}
		{6BA0ACB0-7F0D-42DD-8562-4A80EC2AB173} = {6562789B-10FE-4624-AA40-B9C128B6E06D}
		{F0095D7F-7C65-4035-83AB-2386544B1C1C} = {6562789B-10FE-4624-AA40-B9C128B6E06D}
		{47C3F6BB-762E-4176-8D23-8AFB71A94005} = {6562789B-10FE-4624-AA40-B9C128B6E06D}
		{484BB494-3FB2-4247-BE80-0C2EB0AF27E0} = {6562789B-10FE-4624-AA40-B9C128B6E06D}
		{E7268FC1-2CD1-4ACA-A2B8-394AEC5A68E1} = {6562789B-10FE-4624-AA40-B9C128B6E06D}
		{362EC2B8-73F5-4C5C-8A14-8C49368B6135} = {6562789B-10FE-4624-AA40-B9C128B6E06D}
		{966C5FD5-A509-482C-9977-C22FA970727D} = {6562789B-10FE-4624-AA40-B9C128B6E06D}
		{0A99A24A-A127-4252-AFD1-DF1A51594D5F} = {6562789B-10FE-4624-AA40-B9C128B6E06D}
		{BEB39CEE-48BB-444D-A721-A93477EC8675} = {6562789B-10FE-4624-AA40-B9C128B6E06D}
		{8DC3B991-6020-47A1-B17C-637528646CAD} = {6562789B-10FE-4624-AA40-B9C128B6E06D}
		{BB3A560C-F093-4F4C-9B0E-E86ACF1B00A8} = {6562789B-10FE-4624-AA40-B9C128B6E06D}
	EndGlobalSection
	GlobalSection(SolutionConfigurationPlatforms) = preSolution
		Debug|Any CPU = Debug|Any CPU
		Release|Any CPU = Release|Any CPU
	EndGlobalSection
	GlobalSection(ProjectConfigurationPlatforms) = postSolution
		{5E0D74AE-78F5-4084-90F1-B6BA09150D8D}.Debug|Any CPU.ActiveCfg = Debug|Any CPU
		{5E0D74AE-78F5-4084-90F1-B6BA09150D8D}.Debug|Any CPU.Build.0 = Debug|Any CPU
		{5E0D74AE-78F5-4084-90F1-B6BA09150D8D}.Release|Any CPU.ActiveCfg = Release|Any CPU
		{5E0D74AE-78F5-4084-90F1-B6BA09150D8D}.Release|Any CPU.Build.0 = Release|Any CPU
		{363EBA30-7A3C-45A8-9EE6-30BC9230F4B5}.Debug|Any CPU.ActiveCfg = Debug|Any CPU
		{363EBA30-7A3C-45A8-9EE6-30BC9230F4B5}.Debug|Any CPU.Build.0 = Debug|Any CPU
		{363EBA30-7A3C-45A8-9EE6-30BC9230F4B5}.Release|Any CPU.ActiveCfg = Release|Any CPU
		{363EBA30-7A3C-45A8-9EE6-30BC9230F4B5}.Release|Any CPU.Build.0 = Release|Any CPU
		{37BD13B1-419C-478F-9CCA-EB6F8AE86185}.Debug|Any CPU.ActiveCfg = Debug|Any CPU
		{37BD13B1-419C-478F-9CCA-EB6F8AE86185}.Debug|Any CPU.Build.0 = Debug|Any CPU
		{37BD13B1-419C-478F-9CCA-EB6F8AE86185}.Release|Any CPU.ActiveCfg = Release|Any CPU
		{37BD13B1-419C-478F-9CCA-EB6F8AE86185}.Release|Any CPU.Build.0 = Release|Any CPU
		{1E93C74C-867E-4F10-8EDB-6816CACA35A0}.Debug|Any CPU.ActiveCfg = Debug|Any CPU
		{1E93C74C-867E-4F10-8EDB-6816CACA35A0}.Debug|Any CPU.Build.0 = Debug|Any CPU
		{1E93C74C-867E-4F10-8EDB-6816CACA35A0}.Release|Any CPU.ActiveCfg = Release|Any CPU
		{1E93C74C-867E-4F10-8EDB-6816CACA35A0}.Release|Any CPU.Build.0 = Release|Any CPU
		{7BA280B9-229A-4CD2-B063-401B82D59C0E}.Debug|Any CPU.ActiveCfg = Debug|Any CPU
		{7BA280B9-229A-4CD2-B063-401B82D59C0E}.Debug|Any CPU.Build.0 = Debug|Any CPU
		{7BA280B9-229A-4CD2-B063-401B82D59C0E}.Release|Any CPU.ActiveCfg = Release|Any CPU
		{7BA280B9-229A-4CD2-B063-401B82D59C0E}.Release|Any CPU.Build.0 = Release|Any CPU
		{CD0052C8-2E0A-4C74-AF99-6E590395705F}.Debug|Any CPU.ActiveCfg = Debug|Any CPU
		{CD0052C8-2E0A-4C74-AF99-6E590395705F}.Debug|Any CPU.Build.0 = Debug|Any CPU
		{CD0052C8-2E0A-4C74-AF99-6E590395705F}.Release|Any CPU.ActiveCfg = Release|Any CPU
		{CD0052C8-2E0A-4C74-AF99-6E590395705F}.Release|Any CPU.Build.0 = Release|Any CPU
		{6BA0ACB0-7F0D-42DD-8562-4A80EC2AB173}.Debug|Any CPU.ActiveCfg = Debug|Any CPU
		{6BA0ACB0-7F0D-42DD-8562-4A80EC2AB173}.Debug|Any CPU.Build.0 = Debug|Any CPU
		{6BA0ACB0-7F0D-42DD-8562-4A80EC2AB173}.Release|Any CPU.ActiveCfg = Release|Any CPU
		{6BA0ACB0-7F0D-42DD-8562-4A80EC2AB173}.Release|Any CPU.Build.0 = Release|Any CPU
		{F0095D7F-7C65-4035-83AB-2386544B1C1C}.Debug|Any CPU.ActiveCfg = Debug|Any CPU
		{F0095D7F-7C65-4035-83AB-2386544B1C1C}.Debug|Any CPU.Build.0 = Debug|Any CPU
		{F0095D7F-7C65-4035-83AB-2386544B1C1C}.Release|Any CPU.ActiveCfg = Release|Any CPU
		{F0095D7F-7C65-4035-83AB-2386544B1C1C}.Release|Any CPU.Build.0 = Release|Any CPU
		{47C3F6BB-762E-4176-8D23-8AFB71A94005}.Debug|Any CPU.ActiveCfg = Debug|Any CPU
		{47C3F6BB-762E-4176-8D23-8AFB71A94005}.Debug|Any CPU.Build.0 = Debug|Any CPU
		{47C3F6BB-762E-4176-8D23-8AFB71A94005}.Release|Any CPU.ActiveCfg = Release|Any CPU
		{47C3F6BB-762E-4176-8D23-8AFB71A94005}.Release|Any CPU.Build.0 = Release|Any CPU
		{484BB494-3FB2-4247-BE80-0C2EB0AF27E0}.Debug|Any CPU.ActiveCfg = Debug|Any CPU
		{484BB494-3FB2-4247-BE80-0C2EB0AF27E0}.Debug|Any CPU.Build.0 = Debug|Any CPU
		{484BB494-3FB2-4247-BE80-0C2EB0AF27E0}.Release|Any CPU.ActiveCfg = Release|Any CPU
		{484BB494-3FB2-4247-BE80-0C2EB0AF27E0}.Release|Any CPU.Build.0 = Release|Any CPU
		{E7268FC1-2CD1-4ACA-A2B8-394AEC5A68E1}.Debug|Any CPU.ActiveCfg = Debug|Any CPU
		{E7268FC1-2CD1-4ACA-A2B8-394AEC5A68E1}.Debug|Any CPU.Build.0 = Debug|Any CPU
		{E7268FC1-2CD1-4ACA-A2B8-394AEC5A68E1}.Release|Any CPU.ActiveCfg = Release|Any CPU
		{E7268FC1-2CD1-4ACA-A2B8-394AEC5A68E1}.Release|Any CPU.Build.0 = Release|Any CPU
		{362EC2B8-73F5-4C5C-8A14-8C49368B6135}.Debug|Any CPU.ActiveCfg = Debug|Any CPU
		{362EC2B8-73F5-4C5C-8A14-8C49368B6135}.Debug|Any CPU.Build.0 = Debug|Any CPU
		{362EC2B8-73F5-4C5C-8A14-8C49368B6135}.Release|Any CPU.ActiveCfg = Release|Any CPU
		{362EC2B8-73F5-4C5C-8A14-8C49368B6135}.Release|Any CPU.Build.0 = Release|Any CPU
		{966C5FD5-A509-482C-9977-C22FA970727D}.Debug|Any CPU.ActiveCfg = Debug|Any CPU
		{966C5FD5-A509-482C-9977-C22FA970727D}.Debug|Any CPU.Build.0 = Debug|Any CPU
		{966C5FD5-A509-482C-9977-C22FA970727D}.Release|Any CPU.ActiveCfg = Release|Any CPU
		{966C5FD5-A509-482C-9977-C22FA970727D}.Release|Any CPU.Build.0 = Release|Any CPU
		{0A99A24A-A127-4252-AFD1-DF1A51594D5F}.Debug|Any CPU.ActiveCfg = Debug|Any CPU
		{0A99A24A-A127-4252-AFD1-DF1A51594D5F}.Debug|Any CPU.Build.0 = Debug|Any CPU
		{0A99A24A-A127-4252-AFD1-DF1A51594D5F}.Release|Any CPU.ActiveCfg = Release|Any CPU
		{0A99A24A-A127-4252-AFD1-DF1A51594D5F}.Release|Any CPU.Build.0 = Release|Any CPU
		{BEB39CEE-48BB-444D-A721-A93477EC8675}.Debug|Any CPU.ActiveCfg = Debug|Any CPU
		{BEB39CEE-48BB-444D-A721-A93477EC8675}.Debug|Any CPU.Build.0 = Debug|Any CPU
		{BEB39CEE-48BB-444D-A721-A93477EC8675}.Release|Any CPU.ActiveCfg = Release|Any CPU
		{BEB39CEE-48BB-444D-A721-A93477EC8675}.Release|Any CPU.Build.0 = Release|Any CPU
		{8DC3B991-6020-47A1-B17C-637528646CAD}.Debug|Any CPU.ActiveCfg = Debug|Any CPU
		{8DC3B991-6020-47A1-B17C-637528646CAD}.Debug|Any CPU.Build.0 = Debug|Any CPU
		{8DC3B991-6020-47A1-B17C-637528646CAD}.Release|Any CPU.ActiveCfg = Release|Any CPU
		{8DC3B991-6020-47A1-B17C-637528646CAD}.Release|Any CPU.Build.0 = Release|Any CPU
		{BB3A560C-F093-4F4C-9B0E-E86ACF1B00A8}.Debug|Any CPU.ActiveCfg = Debug|Any CPU
		{BB3A560C-F093-4F4C-9B0E-E86ACF1B00A8}.Debug|Any CPU.Build.0 = Debug|Any CPU
		{BB3A560C-F093-4F4C-9B0E-E86ACF1B00A8}.Release|Any CPU.ActiveCfg = Release|Any CPU
		{BB3A560C-F093-4F4C-9B0E-E86ACF1B00A8}.Release|Any CPU.Build.0 = Release|Any CPU
	EndGlobalSection
	GlobalSection(SolutionProperties) = preSolution
		HideSolutionNode = FALSE
	EndGlobalSection
	GlobalSection(ExtensibilityGlobals) = postSolution
		SolutionGuid = {6A2F86A4-0276-4235-9F98-BB6D2D3E92CB}
	EndGlobalSection
EndGlobal
